
Microsoft Visual Studio Solution File, Format Version 12.00
# Visual Studio Version 16
VisualStudioVersion = 16.0.33529.622
MinimumVisualStudioVersion = 10.0.40219.1
Project("{F184B08F-C81C-45F6-A57F-5ABD9991F28F}") = "VanicK", "VanicK.vbproj", "{D232D347-062C-4181-9D7B-1C4022298041}"
EndProject
Global
	GlobalSection(SolutionConfigurationPlatforms) = preSolution
		Debug|Any CPU = Debug|Any CPU
		Release|Any CPU = Release|Any CPU
	EndGlobalSection
	GlobalSection(ProjectConfigurationPlatforms) = postSolution
		{D232D347-062C-4181-9D7B-1C4022298041}.Debug|Any CPU.ActiveCfg = Debug|Any CPU
		{D232D347-062C-4181-9D7B-1C4022298041}.Debug|Any CPU.Build.0 = Debug|Any CPU
		{D232D347-062C-4181-9D7B-1C4022298041}.Release|Any CPU.ActiveCfg = Release|Any CPU
		{D232D347-062C-4181-9D7B-1C4022298041}.Release|Any CPU.Build.0 = Release|Any CPU
	EndGlobalSection
	GlobalSection(SolutionProperties) = preSolution
		HideSolutionNode = FALSE
	EndGlobalSection
	GlobalSection(ExtensibilityGlobals) = postSolution
		SolutionGuid = {E71EA0AA-5BF6-45E1-A92A-1EB37AF3F3FC}
	EndGlobalSection
EndGlobal
